// !$*UTF8*$!
{
	archiveVersion = 1;
	classes = {
	};
	objectVersion = 56;
	objects = {

/* Begin PBXBuildFile section */
		0FFFA0F029929C1600DBD1C0 /* AppDelegate.swift in Sources */ = {isa = PBXBuildFile; fileRef = 0FFFA0EF29929C1600DBD1C0 /* AppDelegate.swift */; };
		0FFFA0F229929C1600DBD1C0 /* SceneDelegate.swift in Sources */ = {isa = PBXBuildFile; fileRef = 0FFFA0F129929C1600DBD1C0 /* SceneDelegate.swift */; };
		0FFFA0F429929C1600DBD1C0 /* ViewController.swift in Sources */ = {isa = PBXBuildFile; fileRef = 0FFFA0F329929C1600DBD1C0 /* ViewController.swift */; };
		0FFFA0F729929C1600DBD1C0 /* Main.storyboard in Resources */ = {isa = PBXBuildFile; fileRef = 0FFFA0F529929C1600DBD1C0 /* Main.storyboard */; };
		0FFFA0F929929C1800DBD1C0 /* Assets.xcassets in Resources */ = {isa = PBXBuildFile; fileRef = 0FFFA0F829929C1800DBD1C0 /* Assets.xcassets */; };
		0FFFA0FC29929C1800DBD1C0 /* LaunchScreen.storyboard in Resources */ = {isa = PBXBuildFile; fileRef = 0FFFA0FA29929C1800DBD1C0 /* LaunchScreen.storyboard */; };
		0FFFA10729929C1800DBD1C0 /* InstagrammCloneAppTests.swift in Sources */ = {isa = PBXBuildFile; fileRef = 0FFFA10629929C1800DBD1C0 /* InstagrammCloneAppTests.swift */; };
		0FFFA11129929C1900DBD1C0 /* InstagrammCloneAppUITests.swift in Sources */ = {isa = PBXBuildFile; fileRef = 0FFFA11029929C1900DBD1C0 /* InstagrammCloneAppUITests.swift */; };
		0FFFA11329929C1900DBD1C0 /* InstagrammCloneAppUITestsLaunchTests.swift in Sources */ = {isa = PBXBuildFile; fileRef = 0FFFA11229929C1900DBD1C0 /* InstagrammCloneAppUITestsLaunchTests.swift */; };
/* End PBXBuildFile section */

/* Begin PBXContainerItemProxy section */
		0FFFA10329929C1800DBD1C0 /* PBXContainerItemProxy */ = {
			isa = PBXContainerItemProxy;
			containerPortal = 0FFFA0E429929C1600DBD1C0 /* Project object */;
			proxyType = 1;
			remoteGlobalIDString = 0FFFA0EB29929C1600DBD1C0;
			remoteInfo = InstagrammCloneApp;
		};
		0FFFA10D29929C1900DBD1C0 /* PBXContainerItemProxy */ = {
			isa = PBXContainerItemProxy;
			containerPortal = 0FFFA0E429929C1600DBD1C0 /* Project object */;
			proxyType = 1;
			remoteGlobalIDString = 0FFFA0EB29929C1600DBD1C0;
			remoteInfo = InstagrammCloneApp;
		};
/* End PBXContainerItemProxy section */

/* Begin PBXFileReference section */
		0FFFA0EC29929C1600DBD1C0 /* InstagrammCloneApp.app */ = {isa = PBXFileReference; explicitFileType = wrapper.application; includeInIndex = 0; path = InstagrammCloneApp.app; sourceTree = BUILT_PRODUCTS_DIR; };
		0FFFA0EF29929C1600DBD1C0 /* AppDelegate.swift */ = {isa = PBXFileReference; lastKnownFileType = sourcecode.swift; path = AppDelegate.swift; sourceTree = "<group>"; };
		0FFFA0F129929C1600DBD1C0 /* SceneDelegate.swift */ = {isa = PBXFileReference; lastKnownFileType = sourcecode.swift; path = SceneDelegate.swift; sourceTree = "<group>"; };
		0FFFA0F329929C1600DBD1C0 /* ViewController.swift */ = {isa = PBXFileReference; lastKnownFileType = sourcecode.swift; path = ViewController.swift; sourceTree = "<group>"; };
		0FFFA0F629929C1600DBD1C0 /* Base */ = {isa = PBXFileReference; lastKnownFileType = file.storyboard; name = Base; path = Base.lproj/Main.storyboard; sourceTree = "<group>"; };
		0FFFA0F829929C1800DBD1C0 /* Assets.xcassets */ = {isa = PBXFileReference; lastKnownFileType = folder.assetcatalog; path = Assets.xcassets; sourceTree = "<group>"; };
		0FFFA0FB29929C1800DBD1C0 /* Base */ = {isa = PBXFileReference; lastKnownFileType = file.storyboard; name = Base; path = Base.lproj/LaunchScreen.storyboard; sourceTree = "<group>"; };
		0FFFA0FD29929C1800DBD1C0 /* Info.plist */ = {isa = PBXFileReference; lastKnownFileType = text.plist.xml; path = Info.plist; sourceTree = "<group>"; };
		0FFFA10229929C1800DBD1C0 /* InstagrammCloneAppTests.xctest */ = {isa = PBXFileReference; explicitFileType = wrapper.cfbundle; includeInIndex = 0; path = InstagrammCloneAppTests.xctest; sourceTree = BUILT_PRODUCTS_DIR; };
		0FFFA10629929C1800DBD1C0 /* InstagrammCloneAppTests.swift */ = {isa = PBXFileReference; lastKnownFileType = sourcecode.swift; path = InstagrammCloneAppTests.swift; sourceTree = "<group>"; };
		0FFFA10C29929C1800DBD1C0 /* InstagrammCloneAppUITests.xctest */ = {isa = PBXFileReference; explicitFileType = wrapper.cfbundle; includeInIndex = 0; path = InstagrammCloneAppUITests.xctest; sourceTree = BUILT_PRODUCTS_DIR; };
		0FFFA11029929C1900DBD1C0 /* InstagrammCloneAppUITests.swift */ = {isa = PBXFileReference; lastKnownFileType = sourcecode.swift; path = InstagrammCloneAppUITests.swift; sourceTree = "<group>"; };
		0FFFA11229929C1900DBD1C0 /* InstagrammCloneAppUITestsLaunchTests.swift */ = {isa = PBXFileReference; lastKnownFileType = sourcecode.swift; path = InstagrammCloneAppUITestsLaunchTests.swift; sourceTree = "<group>"; };
/* End PBXFileReference section */

/* Begin PBXFrameworksBuildPhase section */
		0FFFA0E929929C1600DBD1C0 /* Frameworks */ = {
			isa = PBXFrameworksBuildPhase;
			buildActionMask = 2147483647;
			files = (
			);
			runOnlyForDeploymentPostprocessing = 0;
		};
		0FFFA0FF29929C1800DBD1C0 /* Frameworks */ = {
			isa = PBXFrameworksBuildPhase;
			buildActionMask = 2147483647;
			files = (
			);
			runOnlyForDeploymentPostprocessing = 0;
		};
		0FFFA10929929C1800DBD1C0 /* Frameworks */ = {
			isa = PBXFrameworksBuildPhase;
			buildActionMask = 2147483647;
			files = (
			);
			runOnlyForDeploymentPostprocessing = 0;
		};
/* End PBXFrameworksBuildPhase section */

/* Begin PBXGroup section */
		0FFFA0E329929C1600DBD1C0 = {
			isa = PBXGroup;
			children = (
				0FFFA0EE29929C1600DBD1C0 /* InstagrammCloneApp */,
				0FFFA10529929C1800DBD1C0 /* InstagrammCloneAppTests */,
				0FFFA10F29929C1900DBD1C0 /* InstagrammCloneAppUITests */,
				0FFFA0ED29929C1600DBD1C0 /* Products */,
			);
			sourceTree = "<group>";
		};
		0FFFA0ED29929C1600DBD1C0 /* Products */ = {
			isa = PBXGroup;
			children = (
				0FFFA0EC29929C1600DBD1C0 /* InstagrammCloneApp.app */,
				0FFFA10229929C1800DBD1C0 /* InstagrammCloneAppTests.xctest */,
				0FFFA10C29929C1800DBD1C0 /* InstagrammCloneAppUITests.xctest */,
			);
			name = Products;
			sourceTree = "<group>";
		};
		0FFFA0EE29929C1600DBD1C0 /* InstagrammCloneApp */ = {
			isa = PBXGroup;
			children = (
				0FFFA0EF29929C1600DBD1C0 /* AppDelegate.swift */,
				0FFFA0F129929C1600DBD1C0 /* SceneDelegate.swift */,
				0FFFA0F329929C1600DBD1C0 /* ViewController.swift */,
				0FFFA0F529929C1600DBD1C0 /* Main.storyboard */,
				0FFFA0F829929C1800DBD1C0 /* Assets.xcassets */,
				0FFFA0FA29929C1800DBD1C0 /* LaunchScreen.storyboard */,
				0FFFA0FD29929C1800DBD1C0 /* Info.plist */,
			);
			path = InstagrammCloneApp;
			sourceTree = "<group>";
		};
		0FFFA10529929C1800DBD1C0 /* InstagrammCloneAppTests */ = {
			isa = PBXGroup;
			children = (
				0FFFA10629929C1800DBD1C0 /* InstagrammCloneAppTests.swift */,
			);
			path = InstagrammCloneAppTests;
			sourceTree = "<group>";
		};
		0FFFA10F29929C1900DBD1C0 /* InstagrammCloneAppUITests */ = {
			isa = PBXGroup;
			children = (
				0FFFA11029929C1900DBD1C0 /* InstagrammCloneAppUITests.swift */,
				0FFFA11229929C1900DBD1C0 /* InstagrammCloneAppUITestsLaunchTests.swift */,
			);
			path = InstagrammCloneAppUITests;
			sourceTree = "<group>";
		};
/* End PBXGroup section */

/* Begin PBXNativeTarget section */
		0FFFA0EB29929C1600DBD1C0 /* InstagrammCloneApp */ = {
			isa = PBXNativeTarget;
			buildConfigurationList = 0FFFA11629929C1900DBD1C0 /* Build configuration list for PBXNativeTarget "InstagrammCloneApp" */;
			buildPhases = (
				0FFFA0E829929C1600DBD1C0 /* Sources */,
				0FFFA0E929929C1600DBD1C0 /* Frameworks */,
				0FFFA0EA29929C1600DBD1C0 /* Resources */,
			);
			buildRules = (
			);
			dependencies = (
			);
			name = InstagrammCloneApp;
			productName = InstagrammCloneApp;
			productReference = 0FFFA0EC29929C1600DBD1C0 /* InstagrammCloneApp.app */;
			productType = "com.apple.product-type.application";
		};
		0FFFA10129929C1800DBD1C0 /* InstagrammCloneAppTests */ = {
			isa = PBXNativeTarget;
			buildConfigurationList = 0FFFA11929929C1900DBD1C0 /* Build configuration list for PBXNativeTarget "InstagrammCloneAppTests" */;
			buildPhases = (
				0FFFA0FE29929C1800DBD1C0 /* Sources */,
				0FFFA0FF29929C1800DBD1C0 /* Frameworks */,
				0FFFA10029929C1800DBD1C0 /* Resources */,
			);
			buildRules = (
			);
			dependencies = (
				0FFFA10429929C1800DBD1C0 /* PBXTargetDependency */,
			);
			name = InstagrammCloneAppTests;
			productName = InstagrammCloneAppTests;
			productReference = 0FFFA10229929C1800DBD1C0 /* InstagrammCloneAppTests.xctest */;
			productType = "com.apple.product-type.bundle.unit-test";
		};
		0FFFA10B29929C1800DBD1C0 /* InstagrammCloneAppUITests */ = {
			isa = PBXNativeTarget;
			buildConfigurationList = 0FFFA11C29929C1900DBD1C0 /* Build configuration list for PBXNativeTarget "InstagrammCloneAppUITests" */;
			buildPhases = (
				0FFFA10829929C1800DBD1C0 /* Sources */,
				0FFFA10929929C1800DBD1C0 /* Frameworks */,
				0FFFA10A29929C1800DBD1C0 /* Resources */,
			);
			buildRules = (
			);
			dependencies = (
				0FFFA10E29929C1900DBD1C0 /* PBXTargetDependency */,
			);
			name = InstagrammCloneAppUITests;
			productName = InstagrammCloneAppUITests;
			productReference = 0FFFA10C29929C1800DBD1C0 /* InstagrammCloneAppUITests.xctest */;
			productType = "com.apple.product-type.bundle.ui-testing";
		};
/* End PBXNativeTarget section */

/* Begin PBXProject section */
		0FFFA0E429929C1600DBD1C0 /* Project object */ = {
			isa = PBXProject;
			attributes = {
				BuildIndependentTargetsInParallel = 1;
				LastSwiftUpdateCheck = 1420;
				LastUpgradeCheck = 1420;
				TargetAttributes = {
					0FFFA0EB29929C1600DBD1C0 = {
						CreatedOnToolsVersion = 14.2;
					};
					0FFFA10129929C1800DBD1C0 = {
						CreatedOnToolsVersion = 14.2;
						TestTargetID = 0FFFA0EB29929C1600DBD1C0;
					};
					0FFFA10B29929C1800DBD1C0 = {
						CreatedOnToolsVersion = 14.2;
						TestTargetID = 0FFFA0EB29929C1600DBD1C0;
					};
				};
			};
			buildConfigurationList = 0FFFA0E729929C1600DBD1C0 /* Build configuration list for PBXProject "InstagrammCloneApp" */;
			compatibilityVersion = "Xcode 14.0";
			developmentRegion = en;
			hasScannedForEncodings = 0;
			knownRegions = (
				en,
				Base,
			);
			mainGroup = 0FFFA0E329929C1600DBD1C0;
			productRefGroup = 0FFFA0ED29929C1600DBD1C0 /* Products */;
			projectDirPath = "";
			projectRoot = "";
			targets = (
				0FFFA0EB29929C1600DBD1C0 /* InstagrammCloneApp */,
				0FFFA10129929C1800DBD1C0 /* InstagrammCloneAppTests */,
				0FFFA10B29929C1800DBD1C0 /* InstagrammCloneAppUITests */,
			);
		};
/* End PBXProject section */

/* Begin PBXResourcesBuildPhase section */
		0FFFA0EA29929C1600DBD1C0 /* Resources */ = {
			isa = PBXResourcesBuildPhase;
			buildActionMask = 2147483647;
			files = (
				0FFFA0FC29929C1800DBD1C0 /* LaunchScreen.storyboard in Resources */,
				0FFFA0F929929C1800DBD1C0 /* Assets.xcassets in Resources */,
				0FFFA0F729929C1600DBD1C0 /* Main.storyboard in Resources */,
			);
			runOnlyForDeploymentPostprocessing = 0;
		};
		0FFFA10029929C1800DBD1C0 /* Resources */ = {
			isa = PBXResourcesBuildPhase;
			buildActionMask = 2147483647;
			files = (
			);
			runOnlyForDeploymentPostprocessing = 0;
		};
		0FFFA10A29929C1800DBD1C0 /* Resources */ = {
			isa = PBXResourcesBuildPhase;
			buildActionMask = 2147483647;
			files = (
			);
			runOnlyForDeploymentPostprocessing = 0;
		};
/* End PBXResourcesBuildPhase section */

/* Begin PBXSourcesBuildPhase section */
		0FFFA0E829929C1600DBD1C0 /* Sources */ = {
			isa = PBXSourcesBuildPhase;
			buildActionMask = 2147483647;
			files = (
				0FFFA0F429929C1600DBD1C0 /* ViewController.swift in Sources */,
				0FFFA0F029929C1600DBD1C0 /* AppDelegate.swift in Sources */,
				0FFFA0F229929C1600DBD1C0 /* SceneDelegate.swift in Sources */,
			);
			runOnlyForDeploymentPostprocessing = 0;
		};
		0FFFA0FE29929C1800DBD1C0 /* Sources */ = {
			isa = PBXSourcesBuildPhase;
			buildActionMask = 2147483647;
			files = (
				0FFFA10729929C1800DBD1C0 /* InstagrammCloneAppTests.swift in Sources */,
			);
			runOnlyForDeploymentPostprocessing = 0;
		};
		0FFFA10829929C1800DBD1C0 /* Sources */ = {
			isa = PBXSourcesBuildPhase;
			buildActionMask = 2147483647;
			files = (
				0FFFA11129929C1900DBD1C0 /* InstagrammCloneAppUITests.swift in Sources */,
				0FFFA11329929C1900DBD1C0 /* InstagrammCloneAppUITestsLaunchTests.swift in Sources */,
			);
			runOnlyForDeploymentPostprocessing = 0;
		};
/* End PBXSourcesBuildPhase section */

/* Begin PBXTargetDependency section */
		0FFFA10429929C1800DBD1C0 /* PBXTargetDependency */ = {
			isa = PBXTargetDependency;
			target = 0FFFA0EB29929C1600DBD1C0 /* InstagrammCloneApp */;
			targetProxy = 0FFFA10329929C1800DBD1C0 /* PBXContainerItemProxy */;
		};
		0FFFA10E29929C1900DBD1C0 /* PBXTargetDependency */ = {
			isa = PBXTargetDependency;
			target = 0FFFA0EB29929C1600DBD1C0 /* InstagrammCloneApp */;
			targetProxy = 0FFFA10D29929C1900DBD1C0 /* PBXContainerItemProxy */;
		};
/* End PBXTargetDependency section */

/* Begin PBXVariantGroup section */
		0FFFA0F529929C1600DBD1C0 /* Main.storyboard */ = {
			isa = PBXVariantGroup;
			children = (
				0FFFA0F629929C1600DBD1C0 /* Base */,
			);
			name = Main.storyboard;
			sourceTree = "<group>";
		};
		0FFFA0FA29929C1800DBD1C0 /* LaunchScreen.storyboard */ = {
			isa = PBXVariantGroup;
			children = (
				0FFFA0FB29929C1800DBD1C0 /* Base */,
			);
			name = LaunchScreen.storyboard;
			sourceTree = "<group>";
		};
/* End PBXVariantGroup section */

/* Begin XCBuildConfiguration section */
		0FFFA11429929C1900DBD1C0 /* Debug */ = {
			isa = XCBuildConfiguration;
			buildSettings = {
				ALWAYS_SEARCH_USER_PATHS = NO;
				CLANG_ANALYZER_NONNULL = YES;
				CLANG_ANALYZER_NUMBER_OBJECT_CONVERSION = YES_AGGRESSIVE;
				CLANG_CXX_LANGUAGE_STANDARD = "gnu++20";
				CLANG_ENABLE_MODULES = YES;
				CLANG_ENABLE_OBJC_ARC = YES;
				CLANG_ENABLE_OBJC_WEAK = YES;
				CLANG_WARN_BLOCK_CAPTURE_AUTORELEASING = YES;
				CLANG_WARN_BOOL_CONVERSION = YES;
				CLANG_WARN_COMMA = YES;
				CLANG_WARN_CONSTANT_CONVERSION = YES;
				CLANG_WARN_DEPRECATED_OBJC_IMPLEMENTATIONS = YES;
				CLANG_WARN_DIRECT_OBJC_ISA_USAGE = YES_ERROR;
				CLANG_WARN_DOCUMENTATION_COMMENTS = YES;
				CLANG_WARN_EMPTY_BODY = YES;
				CLANG_WARN_ENUM_CONVERSION = YES;
				CLANG_WARN_INFINITE_RECURSION = YES;
				CLANG_WARN_INT_CONVERSION = YES;
				CLANG_WARN_NON_LITERAL_NULL_CONVERSION = YES;
				CLANG_WARN_OBJC_IMPLICIT_RETAIN_SELF = YES;
				CLANG_WARN_OBJC_LITERAL_CONVERSION = YES;
				CLANG_WARN_OBJC_ROOT_CLASS = YES_ERROR;
				CLANG_WARN_QUOTED_INCLUDE_IN_FRAMEWORK_HEADER = YES;
				CLANG_WARN_RANGE_LOOP_ANALYSIS = YES;
				CLANG_WARN_STRICT_PROTOTYPES = YES;
				CLANG_WARN_SUSPICIOUS_MOVE = YES;
				CLANG_WARN_UNGUARDED_AVAILABILITY = YES_AGGRESSIVE;
				CLANG_WARN_UNREACHABLE_CODE = YES;
				CLANG_WARN__DUPLICATE_METHOD_MATCH = YES;
				COPY_PHASE_STRIP = NO;
				DEBUG_INFORMATION_FORMAT = dwarf;
				ENABLE_STRICT_OBJC_MSGSEND = YES;
				ENABLE_TESTABILITY = YES;
				GCC_C_LANGUAGE_STANDARD = gnu11;
				GCC_DYNAMIC_NO_PIC = NO;
				GCC_NO_COMMON_BLOCKS = YES;
				GCC_OPTIMIZATION_LEVEL = 0;
				GCC_PREPROCESSOR_DEFINITIONS = (
					"DEBUG=1",
					"$(inherited)",
				);
				GCC_WARN_64_TO_32_BIT_CONVERSION = YES;
				GCC_WARN_ABOUT_RETURN_TYPE = YES_ERROR;
				GCC_WARN_UNDECLARED_SELECTOR = YES;
				GCC_WARN_UNINITIALIZED_AUTOS = YES_AGGRESSIVE;
				GCC_WARN_UNUSED_FUNCTION = YES;
				GCC_WARN_UNUSED_VARIABLE = YES;
				IPHONEOS_DEPLOYMENT_TARGET = 16.2;
				MTL_ENABLE_DEBUG_INFO = INCLUDE_SOURCE;
				MTL_FAST_MATH = YES;
				ONLY_ACTIVE_ARCH = YES;
				SDKROOT = iphoneos;
				SWIFT_ACTIVE_COMPILATION_CONDITIONS = DEBUG;
				SWIFT_OPTIMIZATION_LEVEL = "-Onone";
			};
			name = Debug;
		};
		0FFFA11529929C1900DBD1C0 /* Release */ = {
			isa = XCBuildConfiguration;
			buildSettings = {
				ALWAYS_SEARCH_USER_PATHS = NO;
				CLANG_ANALYZER_NONNULL = YES;
				CLANG_ANALYZER_NUMBER_OBJECT_CONVERSION = YES_AGGRESSIVE;
				CLANG_CXX_LANGUAGE_STANDARD = "gnu++20";
				CLANG_ENABLE_MODULES = YES;
				CLANG_ENABLE_OBJC_ARC = YES;
				CLANG_ENABLE_OBJC_WEAK = YES;
				CLANG_WARN_BLOCK_CAPTURE_AUTORELEASING = YES;
				CLANG_WARN_BOOL_CONVERSION = YES;
				CLANG_WARN_COMMA = YES;
				CLANG_WARN_CONSTANT_CONVERSION = YES;
				CLANG_WARN_DEPRECATED_OBJC_IMPLEMENTATIONS = YES;
				CLANG_WARN_DIRECT_OBJC_ISA_USAGE = YES_ERROR;
				CLANG_WARN_DOCUMENTATION_COMMENTS = YES;
				CLANG_WARN_EMPTY_BODY = YES;
				CLANG_WARN_ENUM_CONVERSION = YES;
				CLANG_WARN_INFINITE_RECURSION = YES;
				CLANG_WARN_INT_CONVERSION = YES;
				CLANG_WARN_NON_LITERAL_NULL_CONVERSION = YES;
				CLANG_WARN_OBJC_IMPLICIT_RETAIN_SELF = YES;
				CLANG_WARN_OBJC_LITERAL_CONVERSION = YES;
				CLANG_WARN_OBJC_ROOT_CLASS = YES_ERROR;
				CLANG_WARN_QUOTED_INCLUDE_IN_FRAMEWORK_HEADER = YES;
				CLANG_WARN_RANGE_LOOP_ANALYSIS = YES;
				CLANG_WARN_STRICT_PROTOTYPES = YES;
				CLANG_WARN_SUSPICIOUS_MOVE = YES;
				CLANG_WARN_UNGUARDED_AVAILABILITY = YES_AGGRESSIVE;
				CLANG_WARN_UNREACHABLE_CODE = YES;
				CLANG_WARN__DUPLICATE_METHOD_MATCH = YES;
				COPY_PHASE_STRIP = NO;
				DEBUG_INFORMATION_FORMAT = "dwarf-with-dsym";
				ENABLE_NS_ASSERTIONS = NO;
				ENABLE_STRICT_OBJC_MSGSEND = YES;
				GCC_C_LANGUAGE_STANDARD = gnu11;
				GCC_NO_COMMON_BLOCKS = YES;
				GCC_WARN_64_TO_32_BIT_CONVERSION = YES;
				GCC_WARN_ABOUT_RETURN_TYPE = YES_ERROR;
				GCC_WARN_UNDECLARED_SELECTOR = YES;
				GCC_WARN_UNINITIALIZED_AUTOS = YES_AGGRESSIVE;
				GCC_WARN_UNUSED_FUNCTION = YES;
				GCC_WARN_UNUSED_VARIABLE = YES;
				IPHONEOS_DEPLOYMENT_TARGET = 16.2;
				MTL_ENABLE_DEBUG_INFO = NO;
				MTL_FAST_MATH = YES;
				SDKROOT = iphoneos;
				SWIFT_COMPILATION_MODE = wholemodule;
				SWIFT_OPTIMIZATION_LEVEL = "-O";
				VALIDATE_PRODUCT = YES;
			};
			name = Release;
		};
		0FFFA11729929C1900DBD1C0 /* Debug */ = {
			isa = XCBuildConfiguration;
			buildSettings = {
				ASSETCATALOG_COMPILER_APPICON_NAME = AppIcon;
				ASSETCATALOG_COMPILER_GLOBAL_ACCENT_COLOR_NAME = AccentColor;
				CODE_SIGN_STYLE = Automatic;
				CURRENT_PROJECT_VERSION = 1;
				DEVELOPMENT_TEAM = 7395RDH3X4;
				GENERATE_INFOPLIST_FILE = YES;
				INFOPLIST_FILE = InstagrammCloneApp/Info.plist;
				INFOPLIST_KEY_UIApplicationSupportsIndirectInputEvents = YES;
				INFOPLIST_KEY_UILaunchStoryboardName = LaunchScreen;
				INFOPLIST_KEY_UIMainStoryboardFile = Main;
				INFOPLIST_KEY_UISupportedInterfaceOrientations_iPad = "UIInterfaceOrientationPortrait UIInterfaceOrientationPortraitUpsideDown UIInterfaceOrientationLandscapeLeft UIInterfaceOrientationLandscapeRight";
				INFOPLIST_KEY_UISupportedInterfaceOrientations_iPhone = "UIInterfaceOrientationPortrait UIInterfaceOrientationLandscapeLeft UIInterfaceOrientationLandscapeRight";
				LD_RUNPATH_SEARCH_PATHS = (
					"$(inherited)",
					"@executable_path/Frameworks",
				);
				MARKETING_VERSION = 1.0;
				PRODUCT_BUNDLE_IDENTIFIER = uz.test.InstagrammCloneApp;
				PRODUCT_NAME = "$(TARGET_NAME)";
				SWIFT_EMIT_LOC_STRINGS = YES;
				SWIFT_VERSION = 5.0;
				TARGETED_DEVICE_FAMILY = "1,2";
			};
			name = Debug;
		};
		0FFFA11829929C1900DBD1C0 /* Release */ = {
			isa = XCBuildConfiguration;
			buildSettings = {
				ASSETCATALOG_COMPILER_APPICON_NAME = AppIcon;
				ASSETCATALOG_COMPILER_GLOBAL_ACCENT_COLOR_NAME = AccentColor;
				CODE_SIGN_STYLE = Automatic;
				CURRENT_PROJECT_VERSION = 1;
				DEVELOPMENT_TEAM = 7395RDH3X4;
				GENERATE_INFOPLIST_FILE = YES;
				INFOPLIST_FILE = InstagrammCloneApp/Info.plist;
				INFOPLIST_KEY_UIApplicationSupportsIndirectInputEvents = YES;
				INFOPLIST_KEY_UILaunchStoryboardName = LaunchScreen;
				INFOPLIST_KEY_UIMainStoryboardFile = Main;
				INFOPLIST_KEY_UISupportedInterfaceOrientations_iPad = "UIInterfaceOrientationPortrait UIInterfaceOrientationPortraitUpsideDown UIInterfaceOrientationLandscapeLeft UIInterfaceOrientationLandscapeRight";
				INFOPLIST_KEY_UISupportedInterfaceOrientations_iPhone = "UIInterfaceOrientationPortrait UIInterfaceOrientationLandscapeLeft UIInterfaceOrientationLandscapeRight";
				LD_RUNPATH_SEARCH_PATHS = (
					"$(inherited)",
					"@executable_path/Frameworks",
				);
				MARKETING_VERSION = 1.0;
				PRODUCT_BUNDLE_IDENTIFIER = uz.test.InstagrammCloneApp;
				PRODUCT_NAME = "$(TARGET_NAME)";
				SWIFT_EMIT_LOC_STRINGS = YES;
				SWIFT_VERSION = 5.0;
				TARGETED_DEVICE_FAMILY = "1,2";
			};
			name = Release;
		};
		0FFFA11A29929C1900DBD1C0 /* Debug */ = {
			isa = XCBuildConfiguration;
			buildSettings = {
				ALWAYS_EMBED_SWIFT_STANDARD_LIBRARIES = YES;
				BUNDLE_LOADER = "$(TEST_HOST)";
				CODE_SIGN_STYLE = Automatic;
				CURRENT_PROJECT_VERSION = 1;
				DEVELOPMENT_TEAM = 7395RDH3X4;
				GENERATE_INFOPLIST_FILE = YES;
				IPHONEOS_DEPLOYMENT_TARGET = 16.2;
				MARKETING_VERSION = 1.0;
				PRODUCT_BUNDLE_IDENTIFIER = uz.test.InstagrammCloneAppTests;
				PRODUCT_NAME = "$(TARGET_NAME)";
				SWIFT_EMIT_LOC_STRINGS = NO;
				SWIFT_VERSION = 5.0;
				TARGETED_DEVICE_FAMILY = "1,2";
				TEST_HOST = "$(BUILT_PRODUCTS_DIR)/InstagrammCloneApp.app/$(BUNDLE_EXECUTABLE_FOLDER_PATH)/InstagrammCloneApp";
			};
			name = Debug;
		};
		0FFFA11B29929C1900DBD1C0 /* Release */ = {
			isa = XCBuildConfiguration;
			buildSettings = {
				ALWAYS_EMBED_SWIFT_STANDARD_LIBRARIES = YES;
				BUNDLE_LOADER = "$(TEST_HOST)";
				CODE_SIGN_STYLE = Automatic;
				CURRENT_PROJECT_VERSION = 1;
				DEVELOPMENT_TEAM = 7395RDH3X4;
				GENERATE_INFOPLIST_FILE = YES;
				IPHONEOS_DEPLOYMENT_TARGET = 16.2;
				MARKETING_VERSION = 1.0;
				PRODUCT_BUNDLE_IDENTIFIER = uz.test.InstagrammCloneAppTests;
				PRODUCT_NAME = "$(TARGET_NAME)";
				SWIFT_EMIT_LOC_STRINGS = NO;
				SWIFT_VERSION = 5.0;
				TARGETED_DEVICE_FAMILY = "1,2";
				TEST_HOST = "$(BUILT_PRODUCTS_DIR)/InstagrammCloneApp.app/$(BUNDLE_EXECUTABLE_FOLDER_PATH)/InstagrammCloneApp";
			};
			name = Release;
		};
		0FFFA11D29929C1900DBD1C0 /* Debug */ = {
			isa = XCBuildConfiguration;
			buildSettings = {
				ALWAYS_EMBED_SWIFT_STANDARD_LIBRARIES = YES;
				CODE_SIGN_STYLE = Automatic;
				CURRENT_PROJECT_VERSION = 1;
				DEVELOPMENT_TEAM = 7395RDH3X4;
				GENERATE_INFOPLIST_FILE = YES;
				MARKETING_VERSION = 1.0;
				PRODUCT_BUNDLE_IDENTIFIER = uz.test.InstagrammCloneAppUITests;
				PRODUCT_NAME = "$(TARGET_NAME)";
				SWIFT_EMIT_LOC_STRINGS = NO;
				SWIFT_VERSION = 5.0;
				TARGETED_DEVICE_FAMILY = "1,2";
				TEST_TARGET_NAME = InstagrammCloneApp;
			};
			name = Debug;
		};
		0FFFA11E29929C1900DBD1C0 /* Release */ = {
			isa = XCBuildConfiguration;
			buildSettings = {
				ALWAYS_EMBED_SWIFT_STANDARD_LIBRARIES = YES;
				CODE_SIGN_STYLE = Automatic;
				CURRENT_PROJECT_VERSION = 1;
				DEVELOPMENT_TEAM = 7395RDH3X4;
				GENERATE_INFOPLIST_FILE = YES;
				MARKETING_VERSION = 1.0;
				PRODUCT_BUNDLE_IDENTIFIER = uz.test.InstagrammCloneAppUITests;
				PRODUCT_NAME = "$(TARGET_NAME)";
				SWIFT_EMIT_LOC_STRINGS = NO;
				SWIFT_VERSION = 5.0;
				TARGETED_DEVICE_FAMILY = "1,2";
				TEST_TARGET_NAME = InstagrammCloneApp;
			};
			name = Release;
		};
/* End XCBuildConfiguration section */

/* Begin XCConfigurationList section */
		0FFFA0E729929C1600DBD1C0 /* Build configuration list for PBXProject "InstagrammCloneApp" */ = {
			isa = XCConfigurationList;
			buildConfigurations = (
				0FFFA11429929C1900DBD1C0 /* Debug */,
				0FFFA11529929C1900DBD1C0 /* Release */,
			);
			defaultConfigurationIsVisible = 0;
			defaultConfigurationName = Release;
		};
		0FFFA11629929C1900DBD1C0 /* Build configuration list for PBXNativeTarget "InstagrammCloneApp" */ = {
			isa = XCConfigurationList;
			buildConfigurations = (
				0FFFA11729929C1900DBD1C0 /* Debug */,
				0FFFA11829929C1900DBD1C0 /* Release */,
			);
			defaultConfigurationIsVisible = 0;
			defaultConfigurationName = Release;
		};
		0FFFA11929929C1900DBD1C0 /* Build configuration list for PBXNativeTarget "InstagrammCloneAppTests" */ = {
			isa = XCConfigurationList;
			buildConfigurations = (
				0FFFA11A29929C1900DBD1C0 /* Debug */,
				0FFFA11B29929C1900DBD1C0 /* Release */,
			);
			defaultConfigurationIsVisible = 0;
			defaultConfigurationName = Release;
		};
		0FFFA11C29929C1900DBD1C0 /* Build configuration list for PBXNativeTarget "InstagrammCloneAppUITests" */ = {
			isa = XCConfigurationList;
			buildConfigurations = (
				0FFFA11D29929C1900DBD1C0 /* Debug */,
				0FFFA11E29929C1900DBD1C0 /* Release */,
			);
			defaultConfigurationIsVisible = 0;
			defaultConfigurationName = Release;
		};
/* End XCConfigurationList section */
	};
	rootObject = 0FFFA0E429929C1600DBD1C0 /* Project object */;
}
