// !$*UTF8*$!
{
	archiveVersion = 1;
	classes = {
	};
	objectVersion = 56;
	objects = {

/* Begin PBXBuildFile section */
		0F03186E299916BD008693D6 /* IGFeedPostTableViewCell.swift in Sources */ = {isa = PBXBuildFile; fileRef = 0F03186D299916BD008693D6 /* IGFeedPostTableViewCell.swift */; };
		0F03187129991889008693D6 /* IGFeedPostHeaderTableViewCell.swift in Sources */ = {isa = PBXBuildFile; fileRef = 0F03187029991889008693D6 /* IGFeedPostHeaderTableViewCell.swift */; };
		0F031873299918B9008693D6 /* IGFeedPostActionsTableViewCell.swift in Sources */ = {isa = PBXBuildFile; fileRef = 0F031872299918B9008693D6 /* IGFeedPostActionsTableViewCell.swift */; };
		0F03187529991905008693D6 /* IGFeedPostGeneralTableViewCell.swift in Sources */ = {isa = PBXBuildFile; fileRef = 0F03187429991905008693D6 /* IGFeedPostGeneralTableViewCell.swift */; };
		0F2EBF22299CEAE600FC97EF /* SDWebImage in Frameworks */ = {isa = PBXBuildFile; productRef = 0F2EBF21299CEAE600FC97EF /* SDWebImage */; };
		0F2EBF24299CF93800FC97EF /* Models.swift in Sources */ = {isa = PBXBuildFile; fileRef = 0F2EBF23299CF93800FC97EF /* Models.swift */; };
		0F5375F62992CA410094A8EC /* ExploreViewController.swift in Sources */ = {isa = PBXBuildFile; fileRef = 0F5375F52992CA410094A8EC /* ExploreViewController.swift */; };
		0F5375F82992CA650094A8EC /* CameraViewController.swift in Sources */ = {isa = PBXBuildFile; fileRef = 0F5375F72992CA650094A8EC /* CameraViewController.swift */; };
		0F5375FA2992CA850094A8EC /* NotificationViewController.swift in Sources */ = {isa = PBXBuildFile; fileRef = 0F5375F92992CA850094A8EC /* NotificationViewController.swift */; };
		0F5375FC2992CAA00094A8EC /* ProfileViewController.swift in Sources */ = {isa = PBXBuildFile; fileRef = 0F5375FB2992CAA00094A8EC /* ProfileViewController.swift */; };
		0F5376012992CB2A0094A8EC /* LoginViewController.swift in Sources */ = {isa = PBXBuildFile; fileRef = 0F5376002992CB2A0094A8EC /* LoginViewController.swift */; };
		0F5376032992CB3F0094A8EC /* RegistrationViewController.swift in Sources */ = {isa = PBXBuildFile; fileRef = 0F5376022992CB3F0094A8EC /* RegistrationViewController.swift */; };
		0F5376052992CB7D0094A8EC /* PostViewController.swift in Sources */ = {isa = PBXBuildFile; fileRef = 0F5376042992CB7D0094A8EC /* PostViewController.swift */; };
		0F5376072992CBBD0094A8EC /* EditViewController.swift in Sources */ = {isa = PBXBuildFile; fileRef = 0F5376062992CBBD0094A8EC /* EditViewController.swift */; };
		0F5376092992CBC90094A8EC /* SettingsViewController.swift in Sources */ = {isa = PBXBuildFile; fileRef = 0F5376082992CBC90094A8EC /* SettingsViewController.swift */; };
		0F53760B2992CBD60094A8EC /* ListViewController.swift in Sources */ = {isa = PBXBuildFile; fileRef = 0F53760A2992CBD60094A8EC /* ListViewController.swift */; };
		0F53760D2992CBFE0094A8EC /* SearchViewController.swift in Sources */ = {isa = PBXBuildFile; fileRef = 0F53760C2992CBFE0094A8EC /* SearchViewController.swift */; };
		0F53760F2992CC120094A8EC /* SearchResultViewController.swift in Sources */ = {isa = PBXBuildFile; fileRef = 0F53760E2992CC120094A8EC /* SearchResultViewController.swift */; };
		0F5376112992CC4A0094A8EC /* PostEditorViewController.swift in Sources */ = {isa = PBXBuildFile; fileRef = 0F5376102992CC4A0094A8EC /* PostEditorViewController.swift */; };
		0F5376132992CC6A0094A8EC /* PublishPostViewController.swift in Sources */ = {isa = PBXBuildFile; fileRef = 0F5376122992CC6A0094A8EC /* PublishPostViewController.swift */; };
		0FB12AEF2993709400A8597B /* FirebaseAnalytics in Frameworks */ = {isa = PBXBuildFile; productRef = 0FB12AEE2993709400A8597B /* FirebaseAnalytics */; };
		0FB12AF12993709400A8597B /* FirebaseAuth in Frameworks */ = {isa = PBXBuildFile; productRef = 0FB12AF02993709400A8597B /* FirebaseAuth */; };
		0FB12AF32993709400A8597B /* FirebaseCrashlytics in Frameworks */ = {isa = PBXBuildFile; productRef = 0FB12AF22993709400A8597B /* FirebaseCrashlytics */; };
		0FB12AF52993709400A8597B /* FirebaseDatabase in Frameworks */ = {isa = PBXBuildFile; productRef = 0FB12AF42993709400A8597B /* FirebaseDatabase */; };
		0FB12AF72993709400A8597B /* FirebaseStorage in Frameworks */ = {isa = PBXBuildFile; productRef = 0FB12AF62993709400A8597B /* FirebaseStorage */; };
		0FB12B0529937ECA00A8597B /* GoogleService-Info.plist in Resources */ = {isa = PBXBuildFile; fileRef = 0FB12B0429937ECA00A8597B /* GoogleService-Info.plist */; };
		0FB7E719299399A600F11FE3 /* DatabaseManager.swift in Sources */ = {isa = PBXBuildFile; fileRef = 0FB7E718299399A600F11FE3 /* DatabaseManager.swift */; };
		0FB7E71B29939B3000F11FE3 /* AuthManager.swift in Sources */ = {isa = PBXBuildFile; fileRef = 0FB7E71A29939B3000F11FE3 /* AuthManager.swift */; };
		0FB7E71D29939BA800F11FE3 /* StorageManager.swift in Sources */ = {isa = PBXBuildFile; fileRef = 0FB7E71C29939BA800F11FE3 /* StorageManager.swift */; };
		0FB7E71F2993A83400F11FE3 /* Extensions.swift in Sources */ = {isa = PBXBuildFile; fileRef = 0FB7E71E2993A83400F11FE3 /* Extensions.swift */; };
		0FB8DBA6299A50A000C61249 /* FormTableViewCell.swift in Sources */ = {isa = PBXBuildFile; fileRef = 0FB8DBA5299A50A000C61249 /* FormTableViewCell.swift */; };
		0FB8DBA9299A613C00C61249 /* PhotoCollectionViewCell.swift in Sources */ = {isa = PBXBuildFile; fileRef = 0FB8DBA8299A613C00C61249 /* PhotoCollectionViewCell.swift */; };
		0FB8DBAB299A61B800C61249 /* ProfileInfoHeaderCollectionReusableView.swift in Sources */ = {isa = PBXBuildFile; fileRef = 0FB8DBAA299A61B800C61249 /* ProfileInfoHeaderCollectionReusableView.swift */; };
		0FB8DBAD299A620700C61249 /* ProfileTableCollectionReusableView.swift in Sources */ = {isa = PBXBuildFile; fileRef = 0FB8DBAC299A620700C61249 /* ProfileTableCollectionReusableView.swift */; };
		0FFFA0F029929C1600DBD1C0 /* AppDelegate.swift in Sources */ = {isa = PBXBuildFile; fileRef = 0FFFA0EF29929C1600DBD1C0 /* AppDelegate.swift */; };
		0FFFA0F229929C1600DBD1C0 /* SceneDelegate.swift in Sources */ = {isa = PBXBuildFile; fileRef = 0FFFA0F129929C1600DBD1C0 /* SceneDelegate.swift */; };
		0FFFA0F429929C1600DBD1C0 /* HomeViewController.swift in Sources */ = {isa = PBXBuildFile; fileRef = 0FFFA0F329929C1600DBD1C0 /* HomeViewController.swift */; };
		0FFFA0F729929C1600DBD1C0 /* Main.storyboard in Resources */ = {isa = PBXBuildFile; fileRef = 0FFFA0F529929C1600DBD1C0 /* Main.storyboard */; };
		0FFFA0F929929C1800DBD1C0 /* Assets.xcassets in Resources */ = {isa = PBXBuildFile; fileRef = 0FFFA0F829929C1800DBD1C0 /* Assets.xcassets */; };
		0FFFA0FC29929C1800DBD1C0 /* LaunchScreen.storyboard in Resources */ = {isa = PBXBuildFile; fileRef = 0FFFA0FA29929C1800DBD1C0 /* LaunchScreen.storyboard */; };
		0FFFA10729929C1800DBD1C0 /* InstagrammCloneAppTests.swift in Sources */ = {isa = PBXBuildFile; fileRef = 0FFFA10629929C1800DBD1C0 /* InstagrammCloneAppTests.swift */; };
		0FFFA11129929C1900DBD1C0 /* InstagrammCloneAppUITests.swift in Sources */ = {isa = PBXBuildFile; fileRef = 0FFFA11029929C1900DBD1C0 /* InstagrammCloneAppUITests.swift */; };
		0FFFA11329929C1900DBD1C0 /* InstagrammCloneAppUITestsLaunchTests.swift in Sources */ = {isa = PBXBuildFile; fileRef = 0FFFA11229929C1900DBD1C0 /* InstagrammCloneAppUITestsLaunchTests.swift */; };
/* End PBXBuildFile section */

/* Begin PBXContainerItemProxy section */
		0FFFA10329929C1800DBD1C0 /* PBXContainerItemProxy */ = {
			isa = PBXContainerItemProxy;
			containerPortal = 0FFFA0E429929C1600DBD1C0 /* Project object */;
			proxyType = 1;
			remoteGlobalIDString = 0FFFA0EB29929C1600DBD1C0;
			remoteInfo = InstagrammCloneApp;
		};
		0FFFA10D29929C1900DBD1C0 /* PBXContainerItemProxy */ = {
			isa = PBXContainerItemProxy;
			containerPortal = 0FFFA0E429929C1600DBD1C0 /* Project object */;
			proxyType = 1;
			remoteGlobalIDString = 0FFFA0EB29929C1600DBD1C0;
			remoteInfo = InstagrammCloneApp;
		};
/* End PBXContainerItemProxy section */

/* Begin PBXFileReference section */
		0F03186D299916BD008693D6 /* IGFeedPostTableViewCell.swift */ = {isa = PBXFileReference; lastKnownFileType = sourcecode.swift; path = IGFeedPostTableViewCell.swift; sourceTree = "<group>"; };
		0F03187029991889008693D6 /* IGFeedPostHeaderTableViewCell.swift */ = {isa = PBXFileReference; lastKnownFileType = sourcecode.swift; path = IGFeedPostHeaderTableViewCell.swift; sourceTree = "<group>"; };
		0F031872299918B9008693D6 /* IGFeedPostActionsTableViewCell.swift */ = {isa = PBXFileReference; lastKnownFileType = sourcecode.swift; path = IGFeedPostActionsTableViewCell.swift; sourceTree = "<group>"; };
		0F03187429991905008693D6 /* IGFeedPostGeneralTableViewCell.swift */ = {isa = PBXFileReference; lastKnownFileType = sourcecode.swift; path = IGFeedPostGeneralTableViewCell.swift; sourceTree = "<group>"; };
		0F2EBF23299CF93800FC97EF /* Models.swift */ = {isa = PBXFileReference; lastKnownFileType = sourcecode.swift; path = Models.swift; sourceTree = "<group>"; };
		0F5375F52992CA410094A8EC /* ExploreViewController.swift */ = {isa = PBXFileReference; lastKnownFileType = sourcecode.swift; path = ExploreViewController.swift; sourceTree = "<group>"; };
		0F5375F72992CA650094A8EC /* CameraViewController.swift */ = {isa = PBXFileReference; lastKnownFileType = sourcecode.swift; path = CameraViewController.swift; sourceTree = "<group>"; };
		0F5375F92992CA850094A8EC /* NotificationViewController.swift */ = {isa = PBXFileReference; lastKnownFileType = sourcecode.swift; path = NotificationViewController.swift; sourceTree = "<group>"; };
		0F5375FB2992CAA00094A8EC /* ProfileViewController.swift */ = {isa = PBXFileReference; lastKnownFileType = sourcecode.swift; path = ProfileViewController.swift; sourceTree = "<group>"; };
		0F5376002992CB2A0094A8EC /* LoginViewController.swift */ = {isa = PBXFileReference; lastKnownFileType = sourcecode.swift; path = LoginViewController.swift; sourceTree = "<group>"; };
		0F5376022992CB3F0094A8EC /* RegistrationViewController.swift */ = {isa = PBXFileReference; lastKnownFileType = sourcecode.swift; path = RegistrationViewController.swift; sourceTree = "<group>"; };
		0F5376042992CB7D0094A8EC /* PostViewController.swift */ = {isa = PBXFileReference; lastKnownFileType = sourcecode.swift; path = PostViewController.swift; sourceTree = "<group>"; };
		0F5376062992CBBD0094A8EC /* EditViewController.swift */ = {isa = PBXFileReference; lastKnownFileType = sourcecode.swift; path = EditViewController.swift; sourceTree = "<group>"; };
		0F5376082992CBC90094A8EC /* SettingsViewController.swift */ = {isa = PBXFileReference; lastKnownFileType = sourcecode.swift; path = SettingsViewController.swift; sourceTree = "<group>"; };
		0F53760A2992CBD60094A8EC /* ListViewController.swift */ = {isa = PBXFileReference; lastKnownFileType = sourcecode.swift; path = ListViewController.swift; sourceTree = "<group>"; };
		0F53760C2992CBFE0094A8EC /* SearchViewController.swift */ = {isa = PBXFileReference; lastKnownFileType = sourcecode.swift; path = SearchViewController.swift; sourceTree = "<group>"; };
		0F53760E2992CC120094A8EC /* SearchResultViewController.swift */ = {isa = PBXFileReference; lastKnownFileType = sourcecode.swift; path = SearchResultViewController.swift; sourceTree = "<group>"; };
		0F5376102992CC4A0094A8EC /* PostEditorViewController.swift */ = {isa = PBXFileReference; lastKnownFileType = sourcecode.swift; path = PostEditorViewController.swift; sourceTree = "<group>"; };
		0F5376122992CC6A0094A8EC /* PublishPostViewController.swift */ = {isa = PBXFileReference; lastKnownFileType = sourcecode.swift; path = PublishPostViewController.swift; sourceTree = "<group>"; };
		0FB12B0429937ECA00A8597B /* GoogleService-Info.plist */ = {isa = PBXFileReference; fileEncoding = 4; lastKnownFileType = text.plist.xml; path = "GoogleService-Info.plist"; sourceTree = "<group>"; };
		0FB7E718299399A600F11FE3 /* DatabaseManager.swift */ = {isa = PBXFileReference; lastKnownFileType = sourcecode.swift; path = DatabaseManager.swift; sourceTree = "<group>"; };
		0FB7E71A29939B3000F11FE3 /* AuthManager.swift */ = {isa = PBXFileReference; lastKnownFileType = sourcecode.swift; path = AuthManager.swift; sourceTree = "<group>"; };
		0FB7E71C29939BA800F11FE3 /* StorageManager.swift */ = {isa = PBXFileReference; lastKnownFileType = sourcecode.swift; path = StorageManager.swift; sourceTree = "<group>"; };
		0FB7E71E2993A83400F11FE3 /* Extensions.swift */ = {isa = PBXFileReference; lastKnownFileType = sourcecode.swift; path = Extensions.swift; sourceTree = "<group>"; };
		0FB8DBA5299A50A000C61249 /* FormTableViewCell.swift */ = {isa = PBXFileReference; lastKnownFileType = sourcecode.swift; path = FormTableViewCell.swift; sourceTree = "<group>"; };
		0FB8DBA8299A613C00C61249 /* PhotoCollectionViewCell.swift */ = {isa = PBXFileReference; lastKnownFileType = sourcecode.swift; path = PhotoCollectionViewCell.swift; sourceTree = "<group>"; };
		0FB8DBAA299A61B800C61249 /* ProfileInfoHeaderCollectionReusableView.swift */ = {isa = PBXFileReference; lastKnownFileType = sourcecode.swift; path = ProfileInfoHeaderCollectionReusableView.swift; sourceTree = "<group>"; };
		0FB8DBAC299A620700C61249 /* ProfileTableCollectionReusableView.swift */ = {isa = PBXFileReference; lastKnownFileType = sourcecode.swift; path = ProfileTableCollectionReusableView.swift; sourceTree = "<group>"; };
		0FFFA0EC29929C1600DBD1C0 /* InstagrammCloneApp.app */ = {isa = PBXFileReference; explicitFileType = wrapper.application; includeInIndex = 0; path = InstagrammCloneApp.app; sourceTree = BUILT_PRODUCTS_DIR; };
		0FFFA0EF29929C1600DBD1C0 /* AppDelegate.swift */ = {isa = PBXFileReference; lastKnownFileType = sourcecode.swift; path = AppDelegate.swift; sourceTree = "<group>"; };
		0FFFA0F129929C1600DBD1C0 /* SceneDelegate.swift */ = {isa = PBXFileReference; lastKnownFileType = sourcecode.swift; path = SceneDelegate.swift; sourceTree = "<group>"; };
		0FFFA0F329929C1600DBD1C0 /* HomeViewController.swift */ = {isa = PBXFileReference; lastKnownFileType = sourcecode.swift; path = HomeViewController.swift; sourceTree = "<group>"; };
		0FFFA0F629929C1600DBD1C0 /* Base */ = {isa = PBXFileReference; lastKnownFileType = file.storyboard; name = Base; path = Base.lproj/Main.storyboard; sourceTree = "<group>"; };
		0FFFA0F829929C1800DBD1C0 /* Assets.xcassets */ = {isa = PBXFileReference; lastKnownFileType = folder.assetcatalog; path = Assets.xcassets; sourceTree = "<group>"; };
		0FFFA0FB29929C1800DBD1C0 /* Base */ = {isa = PBXFileReference; lastKnownFileType = file.storyboard; name = Base; path = Base.lproj/LaunchScreen.storyboard; sourceTree = "<group>"; };
		0FFFA0FD29929C1800DBD1C0 /* Info.plist */ = {isa = PBXFileReference; lastKnownFileType = text.plist.xml; path = Info.plist; sourceTree = "<group>"; };
		0FFFA10229929C1800DBD1C0 /* InstagrammCloneAppTests.xctest */ = {isa = PBXFileReference; explicitFileType = wrapper.cfbundle; includeInIndex = 0; path = InstagrammCloneAppTests.xctest; sourceTree = BUILT_PRODUCTS_DIR; };
		0FFFA10629929C1800DBD1C0 /* InstagrammCloneAppTests.swift */ = {isa = PBXFileReference; lastKnownFileType = sourcecode.swift; path = InstagrammCloneAppTests.swift; sourceTree = "<group>"; };
		0FFFA10C29929C1800DBD1C0 /* InstagrammCloneAppUITests.xctest */ = {isa = PBXFileReference; explicitFileType = wrapper.cfbundle; includeInIndex = 0; path = InstagrammCloneAppUITests.xctest; sourceTree = BUILT_PRODUCTS_DIR; };
		0FFFA11029929C1900DBD1C0 /* InstagrammCloneAppUITests.swift */ = {isa = PBXFileReference; lastKnownFileType = sourcecode.swift; path = InstagrammCloneAppUITests.swift; sourceTree = "<group>"; };
		0FFFA11229929C1900DBD1C0 /* InstagrammCloneAppUITestsLaunchTests.swift */ = {isa = PBXFileReference; lastKnownFileType = sourcecode.swift; path = InstagrammCloneAppUITestsLaunchTests.swift; sourceTree = "<group>"; };
/* End PBXFileReference section */

/* Begin PBXFrameworksBuildPhase section */
		0FFFA0E929929C1600DBD1C0 /* Frameworks */ = {
			isa = PBXFrameworksBuildPhase;
			buildActionMask = 2147483647;
			files = (
				0F2EBF22299CEAE600FC97EF /* SDWebImage in Frameworks */,
				0FB12AF32993709400A8597B /* FirebaseCrashlytics in Frameworks */,
				0FB12AEF2993709400A8597B /* FirebaseAnalytics in Frameworks */,
				0FB12AF52993709400A8597B /* FirebaseDatabase in Frameworks */,
				0FB12AF72993709400A8597B /* FirebaseStorage in Frameworks */,
				0FB12AF12993709400A8597B /* FirebaseAuth in Frameworks */,
			);
			runOnlyForDeploymentPostprocessing = 0;
		};
		0FFFA0FF29929C1800DBD1C0 /* Frameworks */ = {
			isa = PBXFrameworksBuildPhase;
			buildActionMask = 2147483647;
			files = (
			);
			runOnlyForDeploymentPostprocessing = 0;
		};
		0FFFA10929929C1800DBD1C0 /* Frameworks */ = {
			isa = PBXFrameworksBuildPhase;
			buildActionMask = 2147483647;
			files = (
			);
			runOnlyForDeploymentPostprocessing = 0;
		};
/* End PBXFrameworksBuildPhase section */

/* Begin PBXGroup section */
		0F03186C29991675008693D6 /* Cells */ = {
			isa = PBXGroup;
			children = (
				0F03186F29991847008693D6 /* Home Feed */,
				0FB8DBA5299A50A000C61249 /* FormTableViewCell.swift */,
				0FB8DBA8299A613C00C61249 /* PhotoCollectionViewCell.swift */,
			);
			path = Cells;
			sourceTree = "<group>";
		};
		0F03186F29991847008693D6 /* Home Feed */ = {
			isa = PBXGroup;
			children = (
				0F03186D299916BD008693D6 /* IGFeedPostTableViewCell.swift */,
				0F03187029991889008693D6 /* IGFeedPostHeaderTableViewCell.swift */,
				0F031872299918B9008693D6 /* IGFeedPostActionsTableViewCell.swift */,
				0F03187429991905008693D6 /* IGFeedPostGeneralTableViewCell.swift */,
			);
			path = "Home Feed";
			sourceTree = "<group>";
		};
		0F5375F02992C42E0094A8EC /* Controllers */ = {
			isa = PBXGroup;
			children = (
				0F5375FE2992CB090094A8EC /* Other */,
				0F5375FD2992CAEF0094A8EC /* Core Tabs */,
			);
			path = Controllers;
			sourceTree = "<group>";
		};
		0F5375F12992C4380094A8EC /* Models */ = {
			isa = PBXGroup;
			children = (
				0F2EBF23299CF93800FC97EF /* Models.swift */,
			);
			path = Models;
			sourceTree = "<group>";
		};
		0F5375F22992C4480094A8EC /* Views */ = {
			isa = PBXGroup;
			children = (
				0FB8DBA7299A60EA00C61249 /* CollectionView Headers */,
				0F03186C29991675008693D6 /* Cells */,
				0FFFA0F829929C1800DBD1C0 /* Assets.xcassets */,
				0F5375F42992C98D0094A8EC /* Storyboard */,
			);
			path = Views;
			sourceTree = "<group>";
		};
		0F5375F32992C4530094A8EC /* Resources */ = {
			isa = PBXGroup;
			children = (
				0FFFA0EF29929C1600DBD1C0 /* AppDelegate.swift */,
				0FFFA0F129929C1600DBD1C0 /* SceneDelegate.swift */,
				0FB12B0429937ECA00A8597B /* GoogleService-Info.plist */,
				0FB7E718299399A600F11FE3 /* DatabaseManager.swift */,
				0FB7E71A29939B3000F11FE3 /* AuthManager.swift */,
				0FB7E71C29939BA800F11FE3 /* StorageManager.swift */,
				0FB7E71E2993A83400F11FE3 /* Extensions.swift */,
			);
			path = Resources;
			sourceTree = "<group>";
		};
		0F5375F42992C98D0094A8EC /* Storyboard */ = {
			isa = PBXGroup;
			children = (
				0FFFA0F529929C1600DBD1C0 /* Main.storyboard */,
				0FFFA0FA29929C1800DBD1C0 /* LaunchScreen.storyboard */,
			);
			path = Storyboard;
			sourceTree = "<group>";
		};
		0F5375FD2992CAEF0094A8EC /* Core Tabs */ = {
			isa = PBXGroup;
			children = (
				0FFFA0F329929C1600DBD1C0 /* HomeViewController.swift */,
				0F5375F52992CA410094A8EC /* ExploreViewController.swift */,
				0F5375F72992CA650094A8EC /* CameraViewController.swift */,
				0F5375F92992CA850094A8EC /* NotificationViewController.swift */,
				0F5375FB2992CAA00094A8EC /* ProfileViewController.swift */,
			);
			path = "Core Tabs";
			sourceTree = "<group>";
		};
		0F5375FE2992CB090094A8EC /* Other */ = {
			isa = PBXGroup;
			children = (
				0F5375FF2992CB140094A8EC /* Onboarding */,
				0FB7E717299398AA00F11FE3 /* General */,
			);
			path = Other;
			sourceTree = "<group>";
		};
		0F5375FF2992CB140094A8EC /* Onboarding */ = {
			isa = PBXGroup;
			children = (
				0F5376002992CB2A0094A8EC /* LoginViewController.swift */,
				0F5376022992CB3F0094A8EC /* RegistrationViewController.swift */,
			);
			path = Onboarding;
			sourceTree = "<group>";
		};
		0FB7E717299398AA00F11FE3 /* General */ = {
			isa = PBXGroup;
			children = (
				0F5376042992CB7D0094A8EC /* PostViewController.swift */,
				0F5376062992CBBD0094A8EC /* EditViewController.swift */,
				0F5376082992CBC90094A8EC /* SettingsViewController.swift */,
				0F53760A2992CBD60094A8EC /* ListViewController.swift */,
				0F53760C2992CBFE0094A8EC /* SearchViewController.swift */,
				0F53760E2992CC120094A8EC /* SearchResultViewController.swift */,
				0F5376102992CC4A0094A8EC /* PostEditorViewController.swift */,
				0F5376122992CC6A0094A8EC /* PublishPostViewController.swift */,
			);
			path = General;
			sourceTree = "<group>";
		};
		0FB8DBA7299A60EA00C61249 /* CollectionView Headers */ = {
			isa = PBXGroup;
			children = (
				0FB8DBAA299A61B800C61249 /* ProfileInfoHeaderCollectionReusableView.swift */,
				0FB8DBAC299A620700C61249 /* ProfileTableCollectionReusableView.swift */,
			);
			path = "CollectionView Headers";
			sourceTree = "<group>";
		};
		0FFFA0E329929C1600DBD1C0 = {
			isa = PBXGroup;
			children = (
				0FFFA0EE29929C1600DBD1C0 /* InstagrammCloneApp */,
				0FFFA10529929C1800DBD1C0 /* InstagrammCloneAppTests */,
				0FFFA10F29929C1900DBD1C0 /* InstagrammCloneAppUITests */,
				0FFFA0ED29929C1600DBD1C0 /* Products */,
			);
			sourceTree = "<group>";
		};
		0FFFA0ED29929C1600DBD1C0 /* Products */ = {
			isa = PBXGroup;
			children = (
				0FFFA0EC29929C1600DBD1C0 /* InstagrammCloneApp.app */,
				0FFFA10229929C1800DBD1C0 /* InstagrammCloneAppTests.xctest */,
				0FFFA10C29929C1800DBD1C0 /* InstagrammCloneAppUITests.xctest */,
			);
			name = Products;
			sourceTree = "<group>";
		};
		0FFFA0EE29929C1600DBD1C0 /* InstagrammCloneApp */ = {
			isa = PBXGroup;
			children = (
				0F5375F32992C4530094A8EC /* Resources */,
				0F5375F22992C4480094A8EC /* Views */,
				0F5375F12992C4380094A8EC /* Models */,
				0F5375F02992C42E0094A8EC /* Controllers */,
				0FFFA0FD29929C1800DBD1C0 /* Info.plist */,
			);
			path = InstagrammCloneApp;
			sourceTree = "<group>";
		};
		0FFFA10529929C1800DBD1C0 /* InstagrammCloneAppTests */ = {
			isa = PBXGroup;
			children = (
				0FFFA10629929C1800DBD1C0 /* InstagrammCloneAppTests.swift */,
			);
			path = InstagrammCloneAppTests;
			sourceTree = "<group>";
		};
		0FFFA10F29929C1900DBD1C0 /* InstagrammCloneAppUITests */ = {
			isa = PBXGroup;
			children = (
				0FFFA11029929C1900DBD1C0 /* InstagrammCloneAppUITests.swift */,
				0FFFA11229929C1900DBD1C0 /* InstagrammCloneAppUITestsLaunchTests.swift */,
			);
			path = InstagrammCloneAppUITests;
			sourceTree = "<group>";
		};
/* End PBXGroup section */

/* Begin PBXNativeTarget section */
		0FFFA0EB29929C1600DBD1C0 /* InstagrammCloneApp */ = {
			isa = PBXNativeTarget;
			buildConfigurationList = 0FFFA11629929C1900DBD1C0 /* Build configuration list for PBXNativeTarget "InstagrammCloneApp" */;
			buildPhases = (
				0FFFA0E829929C1600DBD1C0 /* Sources */,
				0FFFA0E929929C1600DBD1C0 /* Frameworks */,
				0FFFA0EA29929C1600DBD1C0 /* Resources */,
			);
			buildRules = (
			);
			dependencies = (
			);
			name = InstagrammCloneApp;
			packageProductDependencies = (
				0FB12AEE2993709400A8597B /* FirebaseAnalytics */,
				0FB12AF02993709400A8597B /* FirebaseAuth */,
				0FB12AF22993709400A8597B /* FirebaseCrashlytics */,
				0FB12AF42993709400A8597B /* FirebaseDatabase */,
				0FB12AF62993709400A8597B /* FirebaseStorage */,
				0F2EBF21299CEAE600FC97EF /* SDWebImage */,
			);
			productName = InstagrammCloneApp;
			productReference = 0FFFA0EC29929C1600DBD1C0 /* InstagrammCloneApp.app */;
			productType = "com.apple.product-type.application";
		};
		0FFFA10129929C1800DBD1C0 /* InstagrammCloneAppTests */ = {
			isa = PBXNativeTarget;
			buildConfigurationList = 0FFFA11929929C1900DBD1C0 /* Build configuration list for PBXNativeTarget "InstagrammCloneAppTests" */;
			buildPhases = (
				0FFFA0FE29929C1800DBD1C0 /* Sources */,
				0FFFA0FF29929C1800DBD1C0 /* Frameworks */,
				0FFFA10029929C1800DBD1C0 /* Resources */,
			);
			buildRules = (
			);
			dependencies = (
				0FFFA10429929C1800DBD1C0 /* PBXTargetDependency */,
			);
			name = InstagrammCloneAppTests;
			productName = InstagrammCloneAppTests;
			productReference = 0FFFA10229929C1800DBD1C0 /* InstagrammCloneAppTests.xctest */;
			productType = "com.apple.product-type.bundle.unit-test";
		};
		0FFFA10B29929C1800DBD1C0 /* InstagrammCloneAppUITests */ = {
			isa = PBXNativeTarget;
			buildConfigurationList = 0FFFA11C29929C1900DBD1C0 /* Build configuration list for PBXNativeTarget "InstagrammCloneAppUITests" */;
			buildPhases = (
				0FFFA10829929C1800DBD1C0 /* Sources */,
				0FFFA10929929C1800DBD1C0 /* Frameworks */,
				0FFFA10A29929C1800DBD1C0 /* Resources */,
			);
			buildRules = (
			);
			dependencies = (
				0FFFA10E29929C1900DBD1C0 /* PBXTargetDependency */,
			);
			name = InstagrammCloneAppUITests;
			productName = InstagrammCloneAppUITests;
			productReference = 0FFFA10C29929C1800DBD1C0 /* InstagrammCloneAppUITests.xctest */;
			productType = "com.apple.product-type.bundle.ui-testing";
		};
/* End PBXNativeTarget section */

/* Begin PBXProject section */
		0FFFA0E429929C1600DBD1C0 /* Project object */ = {
			isa = PBXProject;
			attributes = {
				BuildIndependentTargetsInParallel = 1;
				LastSwiftUpdateCheck = 1420;
				LastUpgradeCheck = 1420;
				TargetAttributes = {
					0FFFA0EB29929C1600DBD1C0 = {
						CreatedOnToolsVersion = 14.2;
					};
					0FFFA10129929C1800DBD1C0 = {
						CreatedOnToolsVersion = 14.2;
						TestTargetID = 0FFFA0EB29929C1600DBD1C0;
					};
					0FFFA10B29929C1800DBD1C0 = {
						CreatedOnToolsVersion = 14.2;
						TestTargetID = 0FFFA0EB29929C1600DBD1C0;
					};
				};
			};
			buildConfigurationList = 0FFFA0E729929C1600DBD1C0 /* Build configuration list for PBXProject "InstagrammCloneApp" */;
			compatibilityVersion = "Xcode 14.0";
			developmentRegion = en;
			hasScannedForEncodings = 0;
			knownRegions = (
				en,
				Base,
			);
			mainGroup = 0FFFA0E329929C1600DBD1C0;
			packageReferences = (
				0FB12AED2993709400A8597B /* XCRemoteSwiftPackageReference "firebase-ios-sdk" */,
				0F2EBF20299CEAE600FC97EF /* XCRemoteSwiftPackageReference "SDWebImage" */,
			);
			productRefGroup = 0FFFA0ED29929C1600DBD1C0 /* Products */;
			projectDirPath = "";
			projectRoot = "";
			targets = (
				0FFFA0EB29929C1600DBD1C0 /* InstagrammCloneApp */,
				0FFFA10129929C1800DBD1C0 /* InstagrammCloneAppTests */,
				0FFFA10B29929C1800DBD1C0 /* InstagrammCloneAppUITests */,
			);
		};
/* End PBXProject section */

/* Begin PBXResourcesBuildPhase section */
		0FFFA0EA29929C1600DBD1C0 /* Resources */ = {
			isa = PBXResourcesBuildPhase;
			buildActionMask = 2147483647;
			files = (
				0FFFA0FC29929C1800DBD1C0 /* LaunchScreen.storyboard in Resources */,
				0FB12B0529937ECA00A8597B /* GoogleService-Info.plist in Resources */,
				0FFFA0F929929C1800DBD1C0 /* Assets.xcassets in Resources */,
				0FFFA0F729929C1600DBD1C0 /* Main.storyboard in Resources */,
			);
			runOnlyForDeploymentPostprocessing = 0;
		};
		0FFFA10029929C1800DBD1C0 /* Resources */ = {
			isa = PBXResourcesBuildPhase;
			buildActionMask = 2147483647;
			files = (
			);
			runOnlyForDeploymentPostprocessing = 0;
		};
		0FFFA10A29929C1800DBD1C0 /* Resources */ = {
			isa = PBXResourcesBuildPhase;
			buildActionMask = 2147483647;
			files = (
			);
			runOnlyForDeploymentPostprocessing = 0;
		};
/* End PBXResourcesBuildPhase section */

/* Begin PBXSourcesBuildPhase section */
		0FFFA0E829929C1600DBD1C0 /* Sources */ = {
			isa = PBXSourcesBuildPhase;
			buildActionMask = 2147483647;
			files = (
				0F5375F62992CA410094A8EC /* ExploreViewController.swift in Sources */,
				0F5375F82992CA650094A8EC /* CameraViewController.swift in Sources */,
				0F5376132992CC6A0094A8EC /* PublishPostViewController.swift in Sources */,
				0F5375FA2992CA850094A8EC /* NotificationViewController.swift in Sources */,
				0F5376032992CB3F0094A8EC /* RegistrationViewController.swift in Sources */,
				0F5376052992CB7D0094A8EC /* PostViewController.swift in Sources */,
				0F03187129991889008693D6 /* IGFeedPostHeaderTableViewCell.swift in Sources */,
				0F5376112992CC4A0094A8EC /* PostEditorViewController.swift in Sources */,
				0FB7E71D29939BA800F11FE3 /* StorageManager.swift in Sources */,
				0F2EBF24299CF93800FC97EF /* Models.swift in Sources */,
				0FB8DBA6299A50A000C61249 /* FormTableViewCell.swift in Sources */,
				0FFFA0F429929C1600DBD1C0 /* HomeViewController.swift in Sources */,
				0FB7E719299399A600F11FE3 /* DatabaseManager.swift in Sources */,
				0F5376012992CB2A0094A8EC /* LoginViewController.swift in Sources */,
				0F03186E299916BD008693D6 /* IGFeedPostTableViewCell.swift in Sources */,
				0FB8DBA9299A613C00C61249 /* PhotoCollectionViewCell.swift in Sources */,
				0F53760F2992CC120094A8EC /* SearchResultViewController.swift in Sources */,
				0F5375FC2992CAA00094A8EC /* ProfileViewController.swift in Sources */,
				0FB8DBAD299A620700C61249 /* ProfileTableCollectionReusableView.swift in Sources */,
				0FB7E71F2993A83400F11FE3 /* Extensions.swift in Sources */,
				0F03187529991905008693D6 /* IGFeedPostGeneralTableViewCell.swift in Sources */,
				0F53760D2992CBFE0094A8EC /* SearchViewController.swift in Sources */,
				0FB8DBAB299A61B800C61249 /* ProfileInfoHeaderCollectionReusableView.swift in Sources */,
				0FFFA0F029929C1600DBD1C0 /* AppDelegate.swift in Sources */,
				0FB7E71B29939B3000F11FE3 /* AuthManager.swift in Sources */,
				0F5376072992CBBD0094A8EC /* EditViewController.swift in Sources */,
				0FFFA0F229929C1600DBD1C0 /* SceneDelegate.swift in Sources */,
				0F031873299918B9008693D6 /* IGFeedPostActionsTableViewCell.swift in Sources */,
				0F53760B2992CBD60094A8EC /* ListViewController.swift in Sources */,
				0F5376092992CBC90094A8EC /* SettingsViewController.swift in Sources */,
			);
			runOnlyForDeploymentPostprocessing = 0;
		};
		0FFFA0FE29929C1800DBD1C0 /* Sources */ = {
			isa = PBXSourcesBuildPhase;
			buildActionMask = 2147483647;
			files = (
				0FFFA10729929C1800DBD1C0 /* InstagrammCloneAppTests.swift in Sources */,
			);
			runOnlyForDeploymentPostprocessing = 0;
		};
		0FFFA10829929C1800DBD1C0 /* Sources */ = {
			isa = PBXSourcesBuildPhase;
			buildActionMask = 2147483647;
			files = (
				0FFFA11129929C1900DBD1C0 /* InstagrammCloneAppUITests.swift in Sources */,
				0FFFA11329929C1900DBD1C0 /* InstagrammCloneAppUITestsLaunchTests.swift in Sources */,
			);
			runOnlyForDeploymentPostprocessing = 0;
		};
/* End PBXSourcesBuildPhase section */

/* Begin PBXTargetDependency section */
		0FFFA10429929C1800DBD1C0 /* PBXTargetDependency */ = {
			isa = PBXTargetDependency;
			target = 0FFFA0EB29929C1600DBD1C0 /* InstagrammCloneApp */;
			targetProxy = 0FFFA10329929C1800DBD1C0 /* PBXContainerItemProxy */;
		};
		0FFFA10E29929C1900DBD1C0 /* PBXTargetDependency */ = {
			isa = PBXTargetDependency;
			target = 0FFFA0EB29929C1600DBD1C0 /* InstagrammCloneApp */;
			targetProxy = 0FFFA10D29929C1900DBD1C0 /* PBXContainerItemProxy */;
		};
/* End PBXTargetDependency section */

/* Begin PBXVariantGroup section */
		0FFFA0F529929C1600DBD1C0 /* Main.storyboard */ = {
			isa = PBXVariantGroup;
			children = (
				0FFFA0F629929C1600DBD1C0 /* Base */,
			);
			name = Main.storyboard;
			sourceTree = "<group>";
		};
		0FFFA0FA29929C1800DBD1C0 /* LaunchScreen.storyboard */ = {
			isa = PBXVariantGroup;
			children = (
				0FFFA0FB29929C1800DBD1C0 /* Base */,
			);
			name = LaunchScreen.storyboard;
			sourceTree = "<group>";
		};
/* End PBXVariantGroup section */

/* Begin XCBuildConfiguration section */
		0FFFA11429929C1900DBD1C0 /* Debug */ = {
			isa = XCBuildConfiguration;
			buildSettings = {
				ALWAYS_SEARCH_USER_PATHS = NO;
				CLANG_ANALYZER_NONNULL = YES;
				CLANG_ANALYZER_NUMBER_OBJECT_CONVERSION = YES_AGGRESSIVE;
				CLANG_CXX_LANGUAGE_STANDARD = "gnu++20";
				CLANG_ENABLE_MODULES = YES;
				CLANG_ENABLE_OBJC_ARC = YES;
				CLANG_ENABLE_OBJC_WEAK = YES;
				CLANG_WARN_BLOCK_CAPTURE_AUTORELEASING = YES;
				CLANG_WARN_BOOL_CONVERSION = YES;
				CLANG_WARN_COMMA = YES;
				CLANG_WARN_CONSTANT_CONVERSION = YES;
				CLANG_WARN_DEPRECATED_OBJC_IMPLEMENTATIONS = YES;
				CLANG_WARN_DIRECT_OBJC_ISA_USAGE = YES_ERROR;
				CLANG_WARN_DOCUMENTATION_COMMENTS = YES;
				CLANG_WARN_EMPTY_BODY = YES;
				CLANG_WARN_ENUM_CONVERSION = YES;
				CLANG_WARN_INFINITE_RECURSION = YES;
				CLANG_WARN_INT_CONVERSION = YES;
				CLANG_WARN_NON_LITERAL_NULL_CONVERSION = YES;
				CLANG_WARN_OBJC_IMPLICIT_RETAIN_SELF = YES;
				CLANG_WARN_OBJC_LITERAL_CONVERSION = YES;
				CLANG_WARN_OBJC_ROOT_CLASS = YES_ERROR;
				CLANG_WARN_QUOTED_INCLUDE_IN_FRAMEWORK_HEADER = YES;
				CLANG_WARN_RANGE_LOOP_ANALYSIS = YES;
				CLANG_WARN_STRICT_PROTOTYPES = YES;
				CLANG_WARN_SUSPICIOUS_MOVE = YES;
				CLANG_WARN_UNGUARDED_AVAILABILITY = YES_AGGRESSIVE;
				CLANG_WARN_UNREACHABLE_CODE = YES;
				CLANG_WARN__DUPLICATE_METHOD_MATCH = YES;
				COPY_PHASE_STRIP = NO;
				DEBUG_INFORMATION_FORMAT = dwarf;
				ENABLE_STRICT_OBJC_MSGSEND = YES;
				ENABLE_TESTABILITY = YES;
				GCC_C_LANGUAGE_STANDARD = gnu11;
				GCC_DYNAMIC_NO_PIC = NO;
				GCC_NO_COMMON_BLOCKS = YES;
				GCC_OPTIMIZATION_LEVEL = 0;
				GCC_PREPROCESSOR_DEFINITIONS = (
					"DEBUG=1",
					"$(inherited)",
				);
				GCC_WARN_64_TO_32_BIT_CONVERSION = YES;
				GCC_WARN_ABOUT_RETURN_TYPE = YES_ERROR;
				GCC_WARN_UNDECLARED_SELECTOR = YES;
				GCC_WARN_UNINITIALIZED_AUTOS = YES_AGGRESSIVE;
				GCC_WARN_UNUSED_FUNCTION = YES;
				GCC_WARN_UNUSED_VARIABLE = YES;
				IPHONEOS_DEPLOYMENT_TARGET = 16.2;
				MTL_ENABLE_DEBUG_INFO = INCLUDE_SOURCE;
				MTL_FAST_MATH = YES;
				ONLY_ACTIVE_ARCH = YES;
				SDKROOT = iphoneos;
				SWIFT_ACTIVE_COMPILATION_CONDITIONS = DEBUG;
				SWIFT_OPTIMIZATION_LEVEL = "-Onone";
			};
			name = Debug;
		};
		0FFFA11529929C1900DBD1C0 /* Release */ = {
			isa = XCBuildConfiguration;
			buildSettings = {
				ALWAYS_SEARCH_USER_PATHS = NO;
				CLANG_ANALYZER_NONNULL = YES;
				CLANG_ANALYZER_NUMBER_OBJECT_CONVERSION = YES_AGGRESSIVE;
				CLANG_CXX_LANGUAGE_STANDARD = "gnu++20";
				CLANG_ENABLE_MODULES = YES;
				CLANG_ENABLE_OBJC_ARC = YES;
				CLANG_ENABLE_OBJC_WEAK = YES;
				CLANG_WARN_BLOCK_CAPTURE_AUTORELEASING = YES;
				CLANG_WARN_BOOL_CONVERSION = YES;
				CLANG_WARN_COMMA = YES;
				CLANG_WARN_CONSTANT_CONVERSION = YES;
				CLANG_WARN_DEPRECATED_OBJC_IMPLEMENTATIONS = YES;
				CLANG_WARN_DIRECT_OBJC_ISA_USAGE = YES_ERROR;
				CLANG_WARN_DOCUMENTATION_COMMENTS = YES;
				CLANG_WARN_EMPTY_BODY = YES;
				CLANG_WARN_ENUM_CONVERSION = YES;
				CLANG_WARN_INFINITE_RECURSION = YES;
				CLANG_WARN_INT_CONVERSION = YES;
				CLANG_WARN_NON_LITERAL_NULL_CONVERSION = YES;
				CLANG_WARN_OBJC_IMPLICIT_RETAIN_SELF = YES;
				CLANG_WARN_OBJC_LITERAL_CONVERSION = YES;
				CLANG_WARN_OBJC_ROOT_CLASS = YES_ERROR;
				CLANG_WARN_QUOTED_INCLUDE_IN_FRAMEWORK_HEADER = YES;
				CLANG_WARN_RANGE_LOOP_ANALYSIS = YES;
				CLANG_WARN_STRICT_PROTOTYPES = YES;
				CLANG_WARN_SUSPICIOUS_MOVE = YES;
				CLANG_WARN_UNGUARDED_AVAILABILITY = YES_AGGRESSIVE;
				CLANG_WARN_UNREACHABLE_CODE = YES;
				CLANG_WARN__DUPLICATE_METHOD_MATCH = YES;
				COPY_PHASE_STRIP = NO;
				DEBUG_INFORMATION_FORMAT = "dwarf-with-dsym";
				ENABLE_NS_ASSERTIONS = NO;
				ENABLE_STRICT_OBJC_MSGSEND = YES;
				GCC_C_LANGUAGE_STANDARD = gnu11;
				GCC_NO_COMMON_BLOCKS = YES;
				GCC_WARN_64_TO_32_BIT_CONVERSION = YES;
				GCC_WARN_ABOUT_RETURN_TYPE = YES_ERROR;
				GCC_WARN_UNDECLARED_SELECTOR = YES;
				GCC_WARN_UNINITIALIZED_AUTOS = YES_AGGRESSIVE;
				GCC_WARN_UNUSED_FUNCTION = YES;
				GCC_WARN_UNUSED_VARIABLE = YES;
				IPHONEOS_DEPLOYMENT_TARGET = 16.2;
				MTL_ENABLE_DEBUG_INFO = NO;
				MTL_FAST_MATH = YES;
				SDKROOT = iphoneos;
				SWIFT_COMPILATION_MODE = wholemodule;
				SWIFT_OPTIMIZATION_LEVEL = "-O";
				VALIDATE_PRODUCT = YES;
			};
			name = Release;
		};
		0FFFA11729929C1900DBD1C0 /* Debug */ = {
			isa = XCBuildConfiguration;
			buildSettings = {
				ASSETCATALOG_COMPILER_APPICON_NAME = AppIcon;
				ASSETCATALOG_COMPILER_GLOBAL_ACCENT_COLOR_NAME = AccentColor;
				CODE_SIGN_STYLE = Automatic;
				CURRENT_PROJECT_VERSION = 1;
				DEVELOPMENT_TEAM = 7395RDH3X4;
				GENERATE_INFOPLIST_FILE = YES;
				INFOPLIST_FILE = InstagrammCloneApp/Info.plist;
				INFOPLIST_KEY_UIApplicationSupportsIndirectInputEvents = YES;
				INFOPLIST_KEY_UILaunchStoryboardName = LaunchScreen;
				INFOPLIST_KEY_UIMainStoryboardFile = Main;
				INFOPLIST_KEY_UISupportedInterfaceOrientations = UIInterfaceOrientationPortrait;
				INFOPLIST_KEY_UISupportedInterfaceOrientations_iPad = "UIInterfaceOrientationLandscapeLeft UIInterfaceOrientationLandscapeRight UIInterfaceOrientationPortrait UIInterfaceOrientationPortraitUpsideDown";
				IPHONEOS_DEPLOYMENT_TARGET = 13.0;
				LD_RUNPATH_SEARCH_PATHS = (
					"$(inherited)",
					"@executable_path/Frameworks",
				);
				MARKETING_VERSION = 1.0;
				PRODUCT_BUNDLE_IDENTIFIER = uz.test.InstagrammCloneApp;
				PRODUCT_NAME = "$(TARGET_NAME)";
				SWIFT_EMIT_LOC_STRINGS = YES;
				SWIFT_VERSION = 5.0;
				TARGETED_DEVICE_FAMILY = "1,2";
			};
			name = Debug;
		};
		0FFFA11829929C1900DBD1C0 /* Release */ = {
			isa = XCBuildConfiguration;
			buildSettings = {
				ASSETCATALOG_COMPILER_APPICON_NAME = AppIcon;
				ASSETCATALOG_COMPILER_GLOBAL_ACCENT_COLOR_NAME = AccentColor;
				CODE_SIGN_STYLE = Automatic;
				CURRENT_PROJECT_VERSION = 1;
				DEVELOPMENT_TEAM = 7395RDH3X4;
				GENERATE_INFOPLIST_FILE = YES;
				INFOPLIST_FILE = InstagrammCloneApp/Info.plist;
				INFOPLIST_KEY_UIApplicationSupportsIndirectInputEvents = YES;
				INFOPLIST_KEY_UILaunchStoryboardName = LaunchScreen;
				INFOPLIST_KEY_UIMainStoryboardFile = Main;
				INFOPLIST_KEY_UISupportedInterfaceOrientations = UIInterfaceOrientationPortrait;
				INFOPLIST_KEY_UISupportedInterfaceOrientations_iPad = "UIInterfaceOrientationLandscapeLeft UIInterfaceOrientationLandscapeRight UIInterfaceOrientationPortrait UIInterfaceOrientationPortraitUpsideDown";
				IPHONEOS_DEPLOYMENT_TARGET = 13.0;
				LD_RUNPATH_SEARCH_PATHS = (
					"$(inherited)",
					"@executable_path/Frameworks",
				);
				MARKETING_VERSION = 1.0;
				PRODUCT_BUNDLE_IDENTIFIER = uz.test.InstagrammCloneApp;
				PRODUCT_NAME = "$(TARGET_NAME)";
				SWIFT_EMIT_LOC_STRINGS = YES;
				SWIFT_VERSION = 5.0;
				TARGETED_DEVICE_FAMILY = "1,2";
			};
			name = Release;
		};
		0FFFA11A29929C1900DBD1C0 /* Debug */ = {
			isa = XCBuildConfiguration;
			buildSettings = {
				ALWAYS_EMBED_SWIFT_STANDARD_LIBRARIES = YES;
				BUNDLE_LOADER = "$(TEST_HOST)";
				CODE_SIGN_STYLE = Automatic;
				CURRENT_PROJECT_VERSION = 1;
				DEVELOPMENT_TEAM = 7395RDH3X4;
				GENERATE_INFOPLIST_FILE = YES;
				IPHONEOS_DEPLOYMENT_TARGET = 16.2;
				MARKETING_VERSION = 1.0;
				PRODUCT_BUNDLE_IDENTIFIER = uz.test.InstagrammCloneAppTests;
				PRODUCT_NAME = "$(TARGET_NAME)";
				SWIFT_EMIT_LOC_STRINGS = NO;
				SWIFT_VERSION = 5.0;
				TARGETED_DEVICE_FAMILY = "1,2";
				TEST_HOST = "$(BUILT_PRODUCTS_DIR)/InstagrammCloneApp.app/$(BUNDLE_EXECUTABLE_FOLDER_PATH)/InstagrammCloneApp";
			};
			name = Debug;
		};
		0FFFA11B29929C1900DBD1C0 /* Release */ = {
			isa = XCBuildConfiguration;
			buildSettings = {
				ALWAYS_EMBED_SWIFT_STANDARD_LIBRARIES = YES;
				BUNDLE_LOADER = "$(TEST_HOST)";
				CODE_SIGN_STYLE = Automatic;
				CURRENT_PROJECT_VERSION = 1;
				DEVELOPMENT_TEAM = 7395RDH3X4;
				GENERATE_INFOPLIST_FILE = YES;
				IPHONEOS_DEPLOYMENT_TARGET = 16.2;
				MARKETING_VERSION = 1.0;
				PRODUCT_BUNDLE_IDENTIFIER = uz.test.InstagrammCloneAppTests;
				PRODUCT_NAME = "$(TARGET_NAME)";
				SWIFT_EMIT_LOC_STRINGS = NO;
				SWIFT_VERSION = 5.0;
				TARGETED_DEVICE_FAMILY = "1,2";
				TEST_HOST = "$(BUILT_PRODUCTS_DIR)/InstagrammCloneApp.app/$(BUNDLE_EXECUTABLE_FOLDER_PATH)/InstagrammCloneApp";
			};
			name = Release;
		};
		0FFFA11D29929C1900DBD1C0 /* Debug */ = {
			isa = XCBuildConfiguration;
			buildSettings = {
				ALWAYS_EMBED_SWIFT_STANDARD_LIBRARIES = YES;
				CODE_SIGN_STYLE = Automatic;
				CURRENT_PROJECT_VERSION = 1;
				DEVELOPMENT_TEAM = 7395RDH3X4;
				GENERATE_INFOPLIST_FILE = YES;
				MARKETING_VERSION = 1.0;
				PRODUCT_BUNDLE_IDENTIFIER = uz.test.InstagrammCloneAppUITests;
				PRODUCT_NAME = "$(TARGET_NAME)";
				SWIFT_EMIT_LOC_STRINGS = NO;
				SWIFT_VERSION = 5.0;
				TARGETED_DEVICE_FAMILY = "1,2";
				TEST_TARGET_NAME = InstagrammCloneApp;
			};
			name = Debug;
		};
		0FFFA11E29929C1900DBD1C0 /* Release */ = {
			isa = XCBuildConfiguration;
			buildSettings = {
				ALWAYS_EMBED_SWIFT_STANDARD_LIBRARIES = YES;
				CODE_SIGN_STYLE = Automatic;
				CURRENT_PROJECT_VERSION = 1;
				DEVELOPMENT_TEAM = 7395RDH3X4;
				GENERATE_INFOPLIST_FILE = YES;
				MARKETING_VERSION = 1.0;
				PRODUCT_BUNDLE_IDENTIFIER = uz.test.InstagrammCloneAppUITests;
				PRODUCT_NAME = "$(TARGET_NAME)";
				SWIFT_EMIT_LOC_STRINGS = NO;
				SWIFT_VERSION = 5.0;
				TARGETED_DEVICE_FAMILY = "1,2";
				TEST_TARGET_NAME = InstagrammCloneApp;
			};
			name = Release;
		};
/* End XCBuildConfiguration section */

/* Begin XCConfigurationList section */
		0FFFA0E729929C1600DBD1C0 /* Build configuration list for PBXProject "InstagrammCloneApp" */ = {
			isa = XCConfigurationList;
			buildConfigurations = (
				0FFFA11429929C1900DBD1C0 /* Debug */,
				0FFFA11529929C1900DBD1C0 /* Release */,
			);
			defaultConfigurationIsVisible = 0;
			defaultConfigurationName = Release;
		};
		0FFFA11629929C1900DBD1C0 /* Build configuration list for PBXNativeTarget "InstagrammCloneApp" */ = {
			isa = XCConfigurationList;
			buildConfigurations = (
				0FFFA11729929C1900DBD1C0 /* Debug */,
				0FFFA11829929C1900DBD1C0 /* Release */,
			);
			defaultConfigurationIsVisible = 0;
			defaultConfigurationName = Release;
		};
		0FFFA11929929C1900DBD1C0 /* Build configuration list for PBXNativeTarget "InstagrammCloneAppTests" */ = {
			isa = XCConfigurationList;
			buildConfigurations = (
				0FFFA11A29929C1900DBD1C0 /* Debug */,
				0FFFA11B29929C1900DBD1C0 /* Release */,
			);
			defaultConfigurationIsVisible = 0;
			defaultConfigurationName = Release;
		};
		0FFFA11C29929C1900DBD1C0 /* Build configuration list for PBXNativeTarget "InstagrammCloneAppUITests" */ = {
			isa = XCConfigurationList;
			buildConfigurations = (
				0FFFA11D29929C1900DBD1C0 /* Debug */,
				0FFFA11E29929C1900DBD1C0 /* Release */,
			);
			defaultConfigurationIsVisible = 0;
			defaultConfigurationName = Release;
		};
/* End XCConfigurationList section */

/* Begin XCRemoteSwiftPackageReference section */
		0F2EBF20299CEAE600FC97EF /* XCRemoteSwiftPackageReference "SDWebImage" */ = {
			isa = XCRemoteSwiftPackageReference;
			repositoryURL = "https://github.com/SDWebImage/SDWebImage.git";
			requirement = {
				kind = upToNextMajorVersion;
				minimumVersion = 5.0.0;
			};
		};
		0FB12AED2993709400A8597B /* XCRemoteSwiftPackageReference "firebase-ios-sdk" */ = {
			isa = XCRemoteSwiftPackageReference;
			repositoryURL = "https://github.com/firebase/firebase-ios-sdk";
			requirement = {
				branch = master;
				kind = branch;
			};
		};
/* End XCRemoteSwiftPackageReference section */

/* Begin XCSwiftPackageProductDependency section */
		0F2EBF21299CEAE600FC97EF /* SDWebImage */ = {
			isa = XCSwiftPackageProductDependency;
			package = 0F2EBF20299CEAE600FC97EF /* XCRemoteSwiftPackageReference "SDWebImage" */;
			productName = SDWebImage;
		};
		0FB12AEE2993709400A8597B /* FirebaseAnalytics */ = {
			isa = XCSwiftPackageProductDependency;
			package = 0FB12AED2993709400A8597B /* XCRemoteSwiftPackageReference "firebase-ios-sdk" */;
			productName = FirebaseAnalytics;
		};
		0FB12AF02993709400A8597B /* FirebaseAuth */ = {
			isa = XCSwiftPackageProductDependency;
			package = 0FB12AED2993709400A8597B /* XCRemoteSwiftPackageReference "firebase-ios-sdk" */;
			productName = FirebaseAuth;
		};
		0FB12AF22993709400A8597B /* FirebaseCrashlytics */ = {
			isa = XCSwiftPackageProductDependency;
			package = 0FB12AED2993709400A8597B /* XCRemoteSwiftPackageReference "firebase-ios-sdk" */;
			productName = FirebaseCrashlytics;
		};
		0FB12AF42993709400A8597B /* FirebaseDatabase */ = {
			isa = XCSwiftPackageProductDependency;
			package = 0FB12AED2993709400A8597B /* XCRemoteSwiftPackageReference "firebase-ios-sdk" */;
			productName = FirebaseDatabase;
		};
		0FB12AF62993709400A8597B /* FirebaseStorage */ = {
			isa = XCSwiftPackageProductDependency;
			package = 0FB12AED2993709400A8597B /* XCRemoteSwiftPackageReference "firebase-ios-sdk" */;
			productName = FirebaseStorage;
		};
/* End XCSwiftPackageProductDependency section */
	};
	rootObject = 0FFFA0E429929C1600DBD1C0 /* Project object */;
}
